
Microsoft Visual Studio Solution File, Format Version 12.00
# Visual Studio 2012
Project("{FAE04EC0-301F-11D3-BF4B-00C04F79EFBC}") = "Xamarin.OneSignal.IOS.Binding", "Xamarin.OneSignal.IOS.Binding\Xamarin.OneSignal.IOS.Binding.csproj", "{730476E0-4509-4FA9-B500-49690F1276DD}"
EndProject
Project("{FAE04EC0-301F-11D3-BF4B-00C04F79EFBC}") = "VitamioIOSBinding", "..\Xamarin.Vitamio.IOS.Binding\VitamioIOSBinding\VitamioIOSBinding.csproj", "{046A52CD-8913-4B32-805B-B6D11E5728F7}"
EndProject
Global
	GlobalSection(SolutionConfigurationPlatforms) = preSolution
		Debug|Any CPU = Debug|Any CPU
		Release|Any CPU = Release|Any CPU
	EndGlobalSection
	GlobalSection(ProjectConfigurationPlatforms) = postSolution
		{046A52CD-8913-4B32-805B-B6D11E5728F7}.Debug|Any CPU.ActiveCfg = Debug|Any CPU
		{046A52CD-8913-4B32-805B-B6D11E5728F7}.Debug|Any CPU.Build.0 = Debug|Any CPU
		{046A52CD-8913-4B32-805B-B6D11E5728F7}.Release|Any CPU.ActiveCfg = Release|Any CPU
		{046A52CD-8913-4B32-805B-B6D11E5728F7}.Release|Any CPU.Build.0 = Release|Any CPU
		{730476E0-4509-4FA9-B500-49690F1276DD}.Debug|Any CPU.ActiveCfg = Debug|Any CPU
		{730476E0-4509-4FA9-B500-49690F1276DD}.Debug|Any CPU.Build.0 = Debug|Any CPU
		{730476E0-4509-4FA9-B500-49690F1276DD}.Release|Any CPU.ActiveCfg = Release|Any CPU
		{730476E0-4509-4FA9-B500-49690F1276DD}.Release|Any CPU.Build.0 = Release|Any CPU
	EndGlobalSection
EndGlobal
